
Microsoft Visual Studio Solution File, Format Version 12.00
# Visual Studio 15
VisualStudioVersion = 15.0.28307.168
MinimumVisualStudioVersion = 10.0.40219.1
Project("{FAE04EC0-301F-11D3-BF4B-00C04F79EFBC}") = "lab06", "lab06\lab06.csproj", "{200819F6-314C-4724-BEF7-14D5033B18F4}"
EndProject
Global
	GlobalSection(SolutionConfigurationPlatforms) = preSolution
		Debug|Any CPU = Debug|Any CPU
		Release|Any CPU = Release|Any CPU
	EndGlobalSection
	GlobalSection(ProjectConfigurationPlatforms) = postSolution
		{200819F6-314C-4724-BEF7-14D5033B18F4}.Debug|Any CPU.ActiveCfg = Debug|Any CPU
		{200819F6-314C-4724-BEF7-14D5033B18F4}.Debug|Any CPU.Build.0 = Debug|Any CPU
		{200819F6-314C-4724-BEF7-14D5033B18F4}.Release|Any CPU.ActiveCfg = Release|Any CPU
		{200819F6-314C-4724-BEF7-14D5033B18F4}.Release|Any CPU.Build.0 = Release|Any CPU
	EndGlobalSection
	GlobalSection(SolutionProperties) = preSolution
		HideSolutionNode = FALSE
	EndGlobalSection
	GlobalSection(ExtensibilityGlobals) = postSolution
		SolutionGuid = {0CD99EC4-691A-498D-87E2-1065D9D48EAE}
	EndGlobalSection
EndGlobal
